
Microsoft Visual Studio Solution File, Format Version 12.00
# Visual Studio 15
VisualStudioVersion = 15.0.28307.329
MinimumVisualStudioVersion = 10.0.40219.1
Project("{FAE04EC0-301F-11D3-BF4B-00C04F79EFBC}") = "01_HelloWorld", "01_HelloWorld\01_HelloWorld.csproj", "{0F2AC50B-AC97-4AE7-B3C1-EBE1453E8882}"
EndProject
Project("{FAE04EC0-301F-11D3-BF4B-00C04F79EFBC}") = "DotNetFundamentals_InATestProject", "DotNetFundamentals_InATestProject\DotNetFundamentals_InATestProject.csproj", "{C5210446-6D69-4791-AD7B-1A2E099DDA09}"
EndProject
Project("{FAE04EC0-301F-11D3-BF4B-00C04F79EFBC}") = "Calculator_RepositoryPattern", "Calculator_RepositoryPattern\Calculator_RepositoryPattern.csproj", "{C9B92D41-8B55-4A51-A320-00EF43C9B868}"
EndProject
Project("{FAE04EC0-301F-11D3-BF4B-00C04F79EFBC}") = "CalculatorRepositoryPattern_Test", "CalculatorRepositoryPattern_Test\CalculatorRepositoryPattern_Test.csproj", "{BE374A66-3039-4C3A-8095-AF3BC73D817E}"
EndProject
Project("{FAE04EC0-301F-11D3-BF4B-00C04F79EFBC}") = "Class_Example", "Class_Example\Class_Example.csproj", "{E9675C23-7FFA-4BEA-98E4-EB49CF4DD47D}"
EndProject
Project("{FAE04EC0-301F-11D3-BF4B-00C04F79EFBC}") = "Class_Example_Tests", "Class_Example_Tests\Class_Example_Tests.csproj", "{1FF164F5-06DD-4DB2-B970-15EEE448ACDA}"
EndProject
Project("{FAE04EC0-301F-11D3-BF4B-00C04F79EFBC}") = "StreamingContent_RepositoryPattern", "StreamingContent_RepositoryPattern\StreamingContent_RepositoryPattern.csproj", "{D104380D-E8DA-481B-B709-CD86765134D5}"
EndProject
Project("{FAE04EC0-301F-11D3-BF4B-00C04F79EFBC}") = "StreamingContent_RepositoryPatternV2", "StreamingContent_RepositoryPatternV2\StreamingContent_RepositoryPatternV2.csproj", "{ED4CD4FB-76EF-4AD1-BE9E-815CDF57222A}"
EndProject
Project("{FAE04EC0-301F-11D3-BF4B-00C04F79EFBC}") = "StreamingContent_RepositoryPattern_Tests", "StreamingContent_RepositoryPattern_Tests\StreamingContent_RepositoryPattern_Tests.csproj", "{43817834-9CA6-4F87-8163-871B97C4AE74}"
EndProject
Project("{FAE04EC0-301F-11D3-BF4B-00C04F79EFBC}") = "Calculator_RepositoryPatternV2", "Calculator_RepositoryPatternV2\Calculator_RepositoryPatternV2.csproj", "{F9E32C6A-1A6F-4650-9DAE-5E24EA378546}"
EndProject
Project("{FAE04EC0-301F-11D3-BF4B-00C04F79EFBC}") = "Calculator_RepositoryPatternV2_Tests", "Calculator_RepositoryPatternV2_Tests\Calculator_RepositoryPatternV2_Tests.csproj", "{DA788CE8-C098-49C4-B2D9-C481ABEF9AC7}"
EndProject
Project("{FAE04EC0-301F-11D3-BF4B-00C04F79EFBC}") = "StreamingContent_RepositoryPatternV2_Tests", "StreamingContent_RepositoryPatternV2_Tests\StreamingContent_RepositoryPatternV2_Tests.csproj", "{5BF43F13-B78C-4C89-B24B-E9B76820C8F2}"
EndProject
Project("{FAE04EC0-301F-11D3-BF4B-00C04F79EFBC}") = "CarDealership", "CarDealership\CarDealership.csproj", "{8D759CB3-E8BD-41E6-BD80-37DA52636CB4}"
EndProject
Project("{FAE04EC0-301F-11D3-BF4B-00C04F79EFBC}") = "CarDealership_Tests", "CarDealership_Tests\CarDealership_Tests.csproj", "{BF1810F9-1E8A-4AFD-83F5-84494F53883E}"
EndProject
Global
	GlobalSection(SolutionConfigurationPlatforms) = preSolution
		Debug|Any CPU = Debug|Any CPU
		Release|Any CPU = Release|Any CPU
	EndGlobalSection
	GlobalSection(ProjectConfigurationPlatforms) = postSolution
		{0F2AC50B-AC97-4AE7-B3C1-EBE1453E8882}.Debug|Any CPU.ActiveCfg = Debug|Any CPU
		{0F2AC50B-AC97-4AE7-B3C1-EBE1453E8882}.Debug|Any CPU.Build.0 = Debug|Any CPU
		{0F2AC50B-AC97-4AE7-B3C1-EBE1453E8882}.Release|Any CPU.ActiveCfg = Release|Any CPU
		{0F2AC50B-AC97-4AE7-B3C1-EBE1453E8882}.Release|Any CPU.Build.0 = Release|Any CPU
		{C5210446-6D69-4791-AD7B-1A2E099DDA09}.Debug|Any CPU.ActiveCfg = Debug|Any CPU
		{C5210446-6D69-4791-AD7B-1A2E099DDA09}.Debug|Any CPU.Build.0 = Debug|Any CPU
		{C5210446-6D69-4791-AD7B-1A2E099DDA09}.Release|Any CPU.ActiveCfg = Release|Any CPU
		{C5210446-6D69-4791-AD7B-1A2E099DDA09}.Release|Any CPU.Build.0 = Release|Any CPU
		{C9B92D41-8B55-4A51-A320-00EF43C9B868}.Debug|Any CPU.ActiveCfg = Debug|Any CPU
		{C9B92D41-8B55-4A51-A320-00EF43C9B868}.Debug|Any CPU.Build.0 = Debug|Any CPU
		{C9B92D41-8B55-4A51-A320-00EF43C9B868}.Release|Any CPU.ActiveCfg = Release|Any CPU
		{C9B92D41-8B55-4A51-A320-00EF43C9B868}.Release|Any CPU.Build.0 = Release|Any CPU
		{BE374A66-3039-4C3A-8095-AF3BC73D817E}.Debug|Any CPU.ActiveCfg = Debug|Any CPU
		{BE374A66-3039-4C3A-8095-AF3BC73D817E}.Debug|Any CPU.Build.0 = Debug|Any CPU
		{BE374A66-3039-4C3A-8095-AF3BC73D817E}.Release|Any CPU.ActiveCfg = Release|Any CPU
		{BE374A66-3039-4C3A-8095-AF3BC73D817E}.Release|Any CPU.Build.0 = Release|Any CPU
		{E9675C23-7FFA-4BEA-98E4-EB49CF4DD47D}.Debug|Any CPU.ActiveCfg = Debug|Any CPU
		{E9675C23-7FFA-4BEA-98E4-EB49CF4DD47D}.Debug|Any CPU.Build.0 = Debug|Any CPU
		{E9675C23-7FFA-4BEA-98E4-EB49CF4DD47D}.Release|Any CPU.ActiveCfg = Release|Any CPU
		{E9675C23-7FFA-4BEA-98E4-EB49CF4DD47D}.Release|Any CPU.Build.0 = Release|Any CPU
		{1FF164F5-06DD-4DB2-B970-15EEE448ACDA}.Debug|Any CPU.ActiveCfg = Debug|Any CPU
		{1FF164F5-06DD-4DB2-B970-15EEE448ACDA}.Debug|Any CPU.Build.0 = Debug|Any CPU
		{1FF164F5-06DD-4DB2-B970-15EEE448ACDA}.Release|Any CPU.ActiveCfg = Release|Any CPU
		{1FF164F5-06DD-4DB2-B970-15EEE448ACDA}.Release|Any CPU.Build.0 = Release|Any CPU
		{D104380D-E8DA-481B-B709-CD86765134D5}.Debug|Any CPU.ActiveCfg = Debug|Any CPU
		{D104380D-E8DA-481B-B709-CD86765134D5}.Debug|Any CPU.Build.0 = Debug|Any CPU
		{D104380D-E8DA-481B-B709-CD86765134D5}.Release|Any CPU.ActiveCfg = Release|Any CPU
		{D104380D-E8DA-481B-B709-CD86765134D5}.Release|Any CPU.Build.0 = Release|Any CPU
		{ED4CD4FB-76EF-4AD1-BE9E-815CDF57222A}.Debug|Any CPU.ActiveCfg = Debug|Any CPU
		{ED4CD4FB-76EF-4AD1-BE9E-815CDF57222A}.Debug|Any CPU.Build.0 = Debug|Any CPU
		{ED4CD4FB-76EF-4AD1-BE9E-815CDF57222A}.Release|Any CPU.ActiveCfg = Release|Any CPU
		{ED4CD4FB-76EF-4AD1-BE9E-815CDF57222A}.Release|Any CPU.Build.0 = Release|Any CPU
		{43817834-9CA6-4F87-8163-871B97C4AE74}.Debug|Any CPU.ActiveCfg = Debug|Any CPU
		{43817834-9CA6-4F87-8163-871B97C4AE74}.Debug|Any CPU.Build.0 = Debug|Any CPU
		{43817834-9CA6-4F87-8163-871B97C4AE74}.Release|Any CPU.ActiveCfg = Release|Any CPU
		{43817834-9CA6-4F87-8163-871B97C4AE74}.Release|Any CPU.Build.0 = Release|Any CPU
		{F9E32C6A-1A6F-4650-9DAE-5E24EA378546}.Debug|Any CPU.ActiveCfg = Debug|Any CPU
		{F9E32C6A-1A6F-4650-9DAE-5E24EA378546}.Debug|Any CPU.Build.0 = Debug|Any CPU
		{F9E32C6A-1A6F-4650-9DAE-5E24EA378546}.Release|Any CPU.ActiveCfg = Release|Any CPU
		{F9E32C6A-1A6F-4650-9DAE-5E24EA378546}.Release|Any CPU.Build.0 = Release|Any CPU
		{DA788CE8-C098-49C4-B2D9-C481ABEF9AC7}.Debug|Any CPU.ActiveCfg = Debug|Any CPU
		{DA788CE8-C098-49C4-B2D9-C481ABEF9AC7}.Debug|Any CPU.Build.0 = Debug|Any CPU
		{DA788CE8-C098-49C4-B2D9-C481ABEF9AC7}.Release|Any CPU.ActiveCfg = Release|Any CPU
		{DA788CE8-C098-49C4-B2D9-C481ABEF9AC7}.Release|Any CPU.Build.0 = Release|Any CPU
		{5BF43F13-B78C-4C89-B24B-E9B76820C8F2}.Debug|Any CPU.ActiveCfg = Debug|Any CPU
		{5BF43F13-B78C-4C89-B24B-E9B76820C8F2}.Debug|Any CPU.Build.0 = Debug|Any CPU
		{5BF43F13-B78C-4C89-B24B-E9B76820C8F2}.Release|Any CPU.ActiveCfg = Release|Any CPU
		{5BF43F13-B78C-4C89-B24B-E9B76820C8F2}.Release|Any CPU.Build.0 = Release|Any CPU
		{8D759CB3-E8BD-41E6-BD80-37DA52636CB4}.Debug|Any CPU.ActiveCfg = Debug|Any CPU
		{8D759CB3-E8BD-41E6-BD80-37DA52636CB4}.Debug|Any CPU.Build.0 = Debug|Any CPU
		{8D759CB3-E8BD-41E6-BD80-37DA52636CB4}.Release|Any CPU.ActiveCfg = Release|Any CPU
		{8D759CB3-E8BD-41E6-BD80-37DA52636CB4}.Release|Any CPU.Build.0 = Release|Any CPU
		{BF1810F9-1E8A-4AFD-83F5-84494F53883E}.Debug|Any CPU.ActiveCfg = Debug|Any CPU
		{BF1810F9-1E8A-4AFD-83F5-84494F53883E}.Debug|Any CPU.Build.0 = Debug|Any CPU
		{BF1810F9-1E8A-4AFD-83F5-84494F53883E}.Release|Any CPU.ActiveCfg = Release|Any CPU
		{BF1810F9-1E8A-4AFD-83F5-84494F53883E}.Release|Any CPU.Build.0 = Release|Any CPU
	EndGlobalSection
	GlobalSection(SolutionProperties) = preSolution
		HideSolutionNode = FALSE
	EndGlobalSection
	GlobalSection(ExtensibilityGlobals) = postSolution
		SolutionGuid = {11C04331-9452-40C7-90BB-1C411275C656}
	EndGlobalSection
EndGlobal
